{
  "version": 4,
  "terraform_version": "1.10.0",
  "serial": 27,
  "lineage": "0f27366c-363e-df01-c011-0a35be6e98a6",
  "outputs": {},
  "resources": [
    {
      "mode": "managed",
      "type": "proxmox_vm_qemu",
      "name": "vm",
      "provider": "provider[\"registry.terraform.io/telmate/proxmox\"]",
      "instances": [
        {
          "schema_version": 0,
          "attributes": {
            "additional_wait": 5,
            "agent": 1,
            "agent_timeout": null,
            "args": "",
            "automatic_reboot": true,
            "balloon": 0,
            "bios": "seabios",
            "boot": "c",
            "bootdisk": "scsi0",
            "ci_wait": null,
            "cicustom": null,
            "cipassword": "r00trsqL",
            "ciupgrade": false,
            "ciuser": "luna",
            "clone": "server-template",
            "clone_wait": 10,
            "cores": 1,
            "cpu": "host",
            "default_ipv4_address": "",
            "default_ipv6_address": "",
            "define_connection_info": true,
            "desc": "",
            "disk": [
              {
                "asyncio": "",
                "backup": true,
                "cache": "",
                "discard": false,
                "disk_file": "",
                "emulatessd": false,
                "format": "raw",
                "id": 0,
                "iops_r_burst": 0,
                "iops_r_burst_length": 0,
                "iops_r_concurrent": 0,
                "iops_wr_burst": 0,
                "iops_wr_burst_length": 0,
                "iops_wr_concurrent": 0,
                "iothread": false,
                "iso": "",
                "linked_disk_id": -1,
                "mbps_r_burst": 0,
                "mbps_r_concurrent": 0,
                "mbps_wr_burst": 0,
                "mbps_wr_concurrent": 0,
                "passthrough": false,
                "readonly": false,
                "replicate": false,
                "serial": "",
                "size": "10G",
                "slot": "scsi0",
                "storage": "local-lvm",
                "type": "disk",
                "wwn": ""
              }
            ],
            "disks": [],
            "efidisk": [],
            "force_create": false,
            "force_recreate_on_change_of": null,
            "full_clone": true,
            "hagroup": "",
            "hastate": "",
            "hostpci": [],
            "hotplug": "network,disk,usb",
            "id": "luna/qemu/900",
            "ipconfig0": "ip=dhcp",
            "ipconfig1": null,
            "ipconfig10": null,
            "ipconfig11": null,
            "ipconfig12": null,
            "ipconfig13": null,
            "ipconfig14": null,
            "ipconfig15": null,
            "ipconfig2": null,
            "ipconfig3": null,
            "ipconfig4": null,
            "ipconfig5": null,
            "ipconfig6": null,
            "ipconfig7": null,
            "ipconfig8": null,
            "ipconfig9": null,
            "kvm": true,
            "linked_vmid": 0,
            "machine": "",
            "memory": 2048,
            "name": "srv-widad",
            "nameserver": null,
            "network": [
              {
                "bridge": "vmbr0",
                "firewall": false,
                "link_down": false,
                "macaddr": "CA:2B:74:EB:2D:69",
                "model": "virtio",
                "mtu": 0,
                "queues": 0,
                "rate": 0,
                "tag": -1
              }
            ],
            "numa": false,
            "onboot": false,
            "os_network_config": null,
            "os_type": "cloud-init",
            "pool": "",
            "protection": false,
            "pxe": null,
            "qemu_os": "other",
            "reboot_required": false,
            "scsihw": "virtio-scsi-pci",
            "searchdomain": null,
            "serial": [],
            "skip_ipv4": false,
            "skip_ipv6": false,
            "smbios": [
              {
                "family": "",
                "manufacturer": "",
                "product": "",
                "serial": "",
                "sku": "",
                "uuid": "626079f0-c211-4a2c-859c-05eb8e6b98a7",
                "version": ""
              }
            ],
            "sockets": 1,
            "ssh_forward_ip": null,
            "ssh_host": "",
            "ssh_port": "22",
            "ssh_private_key": null,
            "ssh_user": null,
            "sshkeys": "ssh-rsa AAAAB3NzaC1yc2EAAAADAQABAAACAQD0Uo8emD+Z+4K6BAvQPBuYLts3Se+0Cx2TnUNRijHtkv8iiBVIyzpNw2tt8S3rZKA3fMvaxnqRyJftQcV3ywjIC5VGN0TTVWP89ub5qGjwKSCOSrXc6o8gPjVIFwlik10wpiJWDam1SH7rjSlKVHSwyNrroAGpaXyoinC0gNirkfWhMqdohsJeWaoJI325Zy0cqqjdv7ZsCYS4vo0DT0ueFZ/W2UZTAlRIdITlcFvur87q3hoB3o9ObkVMgNM42iOaIiHUT5yJparFMZGCV8zO3nsRoZK4fLe/zw/WmYajfpn4zUAeI3d/u73MJhRUkEd1U8TNG5WIww5r0CrL6WOyXKaMpHuBMnKGM2kshDppYDgQ6deFOkQRMf9suKx9FlMqgoTnrbvcSJ4wfNG4bpS+M3CJUt1FXyWavMEkQ37GxUVTY++gZyjGV5LPCXDzdQXz+g8ZvmNlJcTxhwH96N8r/9/CpGEQqkw99HH4NgzotjPhmYfKkUy6vkq/41Aycdu8SQU5XmPKL3zb8tv+LKQWbtp056mm8JJeDx/qdk3g1YmTlYsDOnKU24SWJQKbOWoSjZv1WA7Zt3VnK/LRyTATFmbC4yN6I/VuBb5Kn9aRNkZCbNwxW34uCaAW/NEH+gZz1FEgwOO6qvsRyxjs+nl09jUPJ+BJmnJCdQi61hxblw== root@luna1\n",
            "startup": "",
            "tablet": true,
            "tags": "",
            "target_node": "luna",
            "target_nodes": null,
            "timeouts": null,
            "unused_disk": [],
            "usb": [],
            "vcpus": 0,
            "vga": [],
            "vm_state": "running",
            "vmid": 900
          },
          "sensitive_attributes": [
            [
              {
                "type": "get_attr",
                "value": "ssh_private_key"
              }
            ],
            [
              {
                "type": "get_attr",
                "value": "cipassword"
              }
            ]
          ],
          "private": "eyJlMmJmYjczMC1lY2FhLTExZTYtOGY4OC0zNDM2M2JjN2M0YzAiOnsiY3JlYXRlIjoxMjAwMDAwMDAwMDAwLCJkZWZhdWx0IjoxMjAwMDAwMDAwMDAwLCJkZWxldGUiOjEyMDAwMDAwMDAwMDAsInJlYWQiOjEyMDAwMDAwMDAwMDAsInVwZGF0ZSI6MTIwMDAwMDAwMDAwMH19"
        }
      ]
    }
  ],
  "check_results": null
}
